// !$*UTF8*$!
{
	archiveVersion = 1;
	classes = {
	};
	objectVersion = 56;
	objects = {

/* Begin PBXBuildFile section */
		640D3638292561660059F366 /* main.cpp in Sources */ = {isa = PBXBuildFile; fileRef = 640D3637292561660059F366 /* main.cpp */; };
		640D3641292563170059F366 /* uop.cpp in Sources */ = {isa = PBXBuildFile; fileRef = 640D363F292563170059F366 /* uop.cpp */; };
		640D3644292563370059F366 /* art.cpp in Sources */ = {isa = PBXBuildFile; fileRef = 640D3642292563370059F366 /* art.cpp */; };
		640D364A292569FC0059F366 /* hash.cpp in Sources */ = {isa = PBXBuildFile; fileRef = 640D36482925696D0059F366 /* hash.cpp */; };
		64E005B12927C7FA00BEBA8F /* multi.cpp in Sources */ = {isa = PBXBuildFile; fileRef = 640D364B292664E50059F366 /* multi.cpp */; };
		64E005B42927CA0E00BEBA8F /* libz.tbd in Frameworks */ = {isa = PBXBuildFile; fileRef = 64E005B32927CA0800BEBA8F /* libz.tbd */; };
		64E005B72927CA7D00BEBA8F /* argument.cpp in Sources */ = {isa = PBXBuildFile; fileRef = 64E005B52927CA7D00BEBA8F /* argument.cpp */; };
/* End PBXBuildFile section */

/* Begin PBXCopyFilesBuildPhase section */
		640D3632292561660059F366 /* CopyFiles */ = {
			isa = PBXCopyFilesBuildPhase;
			buildActionMask = 2147483647;
			dstPath = /usr/share/man/man1/;
			dstSubfolderSpec = 0;
			files = (
			);
			runOnlyForDeploymentPostprocessing = 1;
		};
/* End PBXCopyFilesBuildPhase section */

/* Begin PBXFileReference section */
		640D3634292561660059F366 /* multi */ = {isa = PBXFileReference; explicitFileType = "compiled.mach-o.executable"; includeInIndex = 0; path = multi; sourceTree = BUILT_PRODUCTS_DIR; };
		640D3637292561660059F366 /* main.cpp */ = {isa = PBXFileReference; lastKnownFileType = sourcecode.cpp.cpp; path = main.cpp; sourceTree = "<group>"; };
		640D363E292561D90059F366 /* bitmap.hpp */ = {isa = PBXFileReference; lastKnownFileType = sourcecode.cpp.h; path = bitmap.hpp; sourceTree = "<group>"; };
		640D363F292563170059F366 /* uop.cpp */ = {isa = PBXFileReference; fileEncoding = 4; lastKnownFileType = sourcecode.cpp.cpp; path = uop.cpp; sourceTree = "<group>"; };
		640D3640292563170059F366 /* uop.hpp */ = {isa = PBXFileReference; fileEncoding = 4; lastKnownFileType = sourcecode.cpp.h; path = uop.hpp; sourceTree = "<group>"; };
		640D3642292563370059F366 /* art.cpp */ = {isa = PBXFileReference; fileEncoding = 4; lastKnownFileType = sourcecode.cpp.cpp; path = art.cpp; sourceTree = "<group>"; };
		640D3643292563370059F366 /* art.hpp */ = {isa = PBXFileReference; fileEncoding = 4; lastKnownFileType = sourcecode.cpp.h; path = art.hpp; sourceTree = "<group>"; };
		640D3645292563550059F366 /* strutil.hpp */ = {isa = PBXFileReference; lastKnownFileType = sourcecode.cpp.h; path = strutil.hpp; sourceTree = "<group>"; };
		640D36482925696D0059F366 /* hash.cpp */ = {isa = PBXFileReference; lastKnownFileType = sourcecode.cpp.cpp; path = hash.cpp; sourceTree = "<group>"; };
		640D36492925696D0059F366 /* hash.hpp */ = {isa = PBXFileReference; lastKnownFileType = sourcecode.cpp.h; path = hash.hpp; sourceTree = "<group>"; };
		640D364B292664E50059F366 /* multi.cpp */ = {isa = PBXFileReference; lastKnownFileType = sourcecode.cpp.cpp; path = multi.cpp; sourceTree = "<group>"; };
		640D364C292664E50059F366 /* multi.hpp */ = {isa = PBXFileReference; lastKnownFileType = sourcecode.cpp.h; path = multi.hpp; sourceTree = "<group>"; };
		64E005B32927CA0800BEBA8F /* libz.tbd */ = {isa = PBXFileReference; lastKnownFileType = "sourcecode.text-based-dylib-definition"; name = libz.tbd; path = usr/lib/libz.tbd; sourceTree = SDKROOT; };
		64E005B52927CA7D00BEBA8F /* argument.cpp */ = {isa = PBXFileReference; lastKnownFileType = sourcecode.cpp.cpp; path = argument.cpp; sourceTree = "<group>"; };
		64E005B62927CA7D00BEBA8F /* argument.hpp */ = {isa = PBXFileReference; lastKnownFileType = sourcecode.cpp.h; path = argument.hpp; sourceTree = "<group>"; };
/* End PBXFileReference section */

/* Begin PBXFrameworksBuildPhase section */
		640D3631292561660059F366 /* Frameworks */ = {
			isa = PBXFrameworksBuildPhase;
			buildActionMask = 2147483647;
			files = (
				64E005B42927CA0E00BEBA8F /* libz.tbd in Frameworks */,
			);
			runOnlyForDeploymentPostprocessing = 0;
		};
/* End PBXFrameworksBuildPhase section */

/* Begin PBXGroup section */
		640D362B292561660059F366 = {
			isa = PBXGroup;
			children = (
				640D3636292561660059F366 /* source */,
				640D3635292561660059F366 /* Products */,
				64E005B22927CA0800BEBA8F /* Frameworks */,
			);
			sourceTree = "<group>";
		};
		640D3635292561660059F366 /* Products */ = {
			isa = PBXGroup;
			children = (
				640D3634292561660059F366 /* multi */,
			);
			name = Products;
			sourceTree = "<group>";
		};
		640D3636292561660059F366 /* source */ = {
			isa = PBXGroup;
			children = (
				640D36462925643D0059F366 /* support */,
				640D3637292561660059F366 /* main.cpp */,
				64E005B52927CA7D00BEBA8F /* argument.cpp */,
				64E005B62927CA7D00BEBA8F /* argument.hpp */,
			);
			path = source;
			sourceTree = "<group>";
		};
		640D36462925643D0059F366 /* support */ = {
			isa = PBXGroup;
			children = (
				640D36482925696D0059F366 /* hash.cpp */,
				640D36492925696D0059F366 /* hash.hpp */,
				640D3645292563550059F366 /* strutil.hpp */,
				640D3642292563370059F366 /* art.cpp */,
				640D3643292563370059F366 /* art.hpp */,
				640D363F292563170059F366 /* uop.cpp */,
				640D3640292563170059F366 /* uop.hpp */,
				640D363E292561D90059F366 /* bitmap.hpp */,
				640D364B292664E50059F366 /* multi.cpp */,
				640D364C292664E50059F366 /* multi.hpp */,
			);
			path = support;
			sourceTree = "<group>";
		};
		64E005B22927CA0800BEBA8F /* Frameworks */ = {
			isa = PBXGroup;
			children = (
				64E005B32927CA0800BEBA8F /* libz.tbd */,
			);
			name = Frameworks;
			sourceTree = "<group>";
		};
/* End PBXGroup section */

/* Begin PBXNativeTarget section */
		640D3633292561660059F366 /* multi */ = {
			isa = PBXNativeTarget;
			buildConfigurationList = 640D363B292561660059F366 /* Build configuration list for PBXNativeTarget "multi" */;
			buildPhases = (
				640D3630292561660059F366 /* Sources */,
				640D3631292561660059F366 /* Frameworks */,
				640D3632292561660059F366 /* CopyFiles */,
			);
			buildRules = (
			);
			dependencies = (
			);
			name = multi;
			productName = multi;
			productReference = 640D3634292561660059F366 /* multi */;
			productType = "com.apple.product-type.tool";
		};
/* End PBXNativeTarget section */

/* Begin PBXProject section */
		640D362C292561660059F366 /* Project object */ = {
			isa = PBXProject;
			attributes = {
				BuildIndependentTargetsInParallel = 1;
				LastUpgradeCheck = 1410;
				ORGANIZATIONNAME = "Charles Kerr";
				TargetAttributes = {
					640D3633292561660059F366 = {
						CreatedOnToolsVersion = 14.1;
					};
				};
			};
			buildConfigurationList = 640D362F292561660059F366 /* Build configuration list for PBXProject "multi" */;
			compatibilityVersion = "Xcode 14.0";
			developmentRegion = en;
			hasScannedForEncodings = 0;
			knownRegions = (
				en,
				Base,
			);
			mainGroup = 640D362B292561660059F366;
			productRefGroup = 640D3635292561660059F366 /* Products */;
			projectDirPath = "";
			projectRoot = "";
			targets = (
				640D3633292561660059F366 /* multi */,
			);
		};
/* End PBXProject section */

/* Begin PBXSourcesBuildPhase section */
		640D3630292561660059F366 /* Sources */ = {
			isa = PBXSourcesBuildPhase;
			buildActionMask = 2147483647;
			files = (
				64E005B72927CA7D00BEBA8F /* argument.cpp in Sources */,
				64E005B12927C7FA00BEBA8F /* multi.cpp in Sources */,
				640D364A292569FC0059F366 /* hash.cpp in Sources */,
				640D3644292563370059F366 /* art.cpp in Sources */,
				640D3641292563170059F366 /* uop.cpp in Sources */,
				640D3638292561660059F366 /* main.cpp in Sources */,
			);
			runOnlyForDeploymentPostprocessing = 0;
		};
/* End PBXSourcesBuildPhase section */

/* Begin XCBuildConfiguration section */
		640D3639292561660059F366 /* Debug */ = {
			isa = XCBuildConfiguration;
			buildSettings = {
				ALWAYS_SEARCH_USER_PATHS = NO;
				CLANG_ANALYZER_NONNULL = YES;
				CLANG_ANALYZER_NUMBER_OBJECT_CONVERSION = YES_AGGRESSIVE;
				CLANG_CXX_LANGUAGE_STANDARD = "gnu++20";
				CLANG_ENABLE_MODULES = YES;
				CLANG_ENABLE_OBJC_ARC = YES;
				CLANG_ENABLE_OBJC_WEAK = YES;
				CLANG_WARN_BLOCK_CAPTURE_AUTORELEASING = YES;
				CLANG_WARN_BOOL_CONVERSION = YES;
				CLANG_WARN_COMMA = YES;
				CLANG_WARN_CONSTANT_CONVERSION = YES;
				CLANG_WARN_DEPRECATED_OBJC_IMPLEMENTATIONS = YES;
				CLANG_WARN_DIRECT_OBJC_ISA_USAGE = YES_ERROR;
				CLANG_WARN_DOCUMENTATION_COMMENTS = YES;
				CLANG_WARN_EMPTY_BODY = YES;
				CLANG_WARN_ENUM_CONVERSION = YES;
				CLANG_WARN_INFINITE_RECURSION = YES;
				CLANG_WARN_INT_CONVERSION = YES;
				CLANG_WARN_NON_LITERAL_NULL_CONVERSION = YES;
				CLANG_WARN_OBJC_IMPLICIT_RETAIN_SELF = YES;
				CLANG_WARN_OBJC_LITERAL_CONVERSION = YES;
				CLANG_WARN_OBJC_ROOT_CLASS = YES_ERROR;
				CLANG_WARN_QUOTED_INCLUDE_IN_FRAMEWORK_HEADER = YES;
				CLANG_WARN_RANGE_LOOP_ANALYSIS = YES;
				CLANG_WARN_STRICT_PROTOTYPES = YES;
				CLANG_WARN_SUSPICIOUS_MOVE = YES;
				CLANG_WARN_UNGUARDED_AVAILABILITY = YES_AGGRESSIVE;
				CLANG_WARN_UNREACHABLE_CODE = YES;
				CLANG_WARN__DUPLICATE_METHOD_MATCH = YES;
				COPY_PHASE_STRIP = NO;
				DEBUG_INFORMATION_FORMAT = dwarf;
				ENABLE_STRICT_OBJC_MSGSEND = YES;
				ENABLE_TESTABILITY = YES;
				GCC_C_LANGUAGE_STANDARD = gnu11;
				GCC_DYNAMIC_NO_PIC = NO;
				GCC_NO_COMMON_BLOCKS = YES;
				GCC_OPTIMIZATION_LEVEL = 0;
				GCC_PREPROCESSOR_DEFINITIONS = (
					"DEBUG=1",
					"$(inherited)",
				);
				GCC_WARN_64_TO_32_BIT_CONVERSION = YES;
				GCC_WARN_ABOUT_RETURN_TYPE = YES_ERROR;
				GCC_WARN_UNDECLARED_SELECTOR = YES;
				GCC_WARN_UNINITIALIZED_AUTOS = YES_AGGRESSIVE;
				GCC_WARN_UNUSED_FUNCTION = YES;
				GCC_WARN_UNUSED_VARIABLE = YES;
				MACOSX_DEPLOYMENT_TARGET = 13.0;
				MTL_ENABLE_DEBUG_INFO = INCLUDE_SOURCE;
				MTL_FAST_MATH = YES;
				ONLY_ACTIVE_ARCH = YES;
				SDKROOT = macosx;
			};
			name = Debug;
		};
		640D363A292561660059F366 /* Release */ = {
			isa = XCBuildConfiguration;
			buildSettings = {
				ALWAYS_SEARCH_USER_PATHS = NO;
				CLANG_ANALYZER_NONNULL = YES;
				CLANG_ANALYZER_NUMBER_OBJECT_CONVERSION = YES_AGGRESSIVE;
				CLANG_CXX_LANGUAGE_STANDARD = "gnu++20";
				CLANG_ENABLE_MODULES = YES;
				CLANG_ENABLE_OBJC_ARC = YES;
				CLANG_ENABLE_OBJC_WEAK = YES;
				CLANG_WARN_BLOCK_CAPTURE_AUTORELEASING = YES;
				CLANG_WARN_BOOL_CONVERSION = YES;
				CLANG_WARN_COMMA = YES;
				CLANG_WARN_CONSTANT_CONVERSION = YES;
				CLANG_WARN_DEPRECATED_OBJC_IMPLEMENTATIONS = YES;
				CLANG_WARN_DIRECT_OBJC_ISA_USAGE = YES_ERROR;
				CLANG_WARN_DOCUMENTATION_COMMENTS = YES;
				CLANG_WARN_EMPTY_BODY = YES;
				CLANG_WARN_ENUM_CONVERSION = YES;
				CLANG_WARN_INFINITE_RECURSION = YES;
				CLANG_WARN_INT_CONVERSION = YES;
				CLANG_WARN_NON_LITERAL_NULL_CONVERSION = YES;
				CLANG_WARN_OBJC_IMPLICIT_RETAIN_SELF = YES;
				CLANG_WARN_OBJC_LITERAL_CONVERSION = YES;
				CLANG_WARN_OBJC_ROOT_CLASS = YES_ERROR;
				CLANG_WARN_QUOTED_INCLUDE_IN_FRAMEWORK_HEADER = YES;
				CLANG_WARN_RANGE_LOOP_ANALYSIS = YES;
				CLANG_WARN_STRICT_PROTOTYPES = YES;
				CLANG_WARN_SUSPICIOUS_MOVE = YES;
				CLANG_WARN_UNGUARDED_AVAILABILITY = YES_AGGRESSIVE;
				CLANG_WARN_UNREACHABLE_CODE = YES;
				CLANG_WARN__DUPLICATE_METHOD_MATCH = YES;
				COPY_PHASE_STRIP = NO;
				DEBUG_INFORMATION_FORMAT = "dwarf-with-dsym";
				ENABLE_NS_ASSERTIONS = NO;
				ENABLE_STRICT_OBJC_MSGSEND = YES;
				GCC_C_LANGUAGE_STANDARD = gnu11;
				GCC_NO_COMMON_BLOCKS = YES;
				GCC_WARN_64_TO_32_BIT_CONVERSION = YES;
				GCC_WARN_ABOUT_RETURN_TYPE = YES_ERROR;
				GCC_WARN_UNDECLARED_SELECTOR = YES;
				GCC_WARN_UNINITIALIZED_AUTOS = YES_AGGRESSIVE;
				GCC_WARN_UNUSED_FUNCTION = YES;
				GCC_WARN_UNUSED_VARIABLE = YES;
				MACOSX_DEPLOYMENT_TARGET = 13.0;
				MTL_ENABLE_DEBUG_INFO = NO;
				MTL_FAST_MATH = YES;
				SDKROOT = macosx;
			};
			name = Release;
		};
		640D363C292561660059F366 /* Debug */ = {
			isa = XCBuildConfiguration;
			buildSettings = {
				CODE_SIGN_STYLE = Automatic;
				DEVELOPMENT_TEAM = CF264WE69M;
				ENABLE_HARDENED_RUNTIME = YES;
				PRODUCT_NAME = "$(TARGET_NAME)";
			};
			name = Debug;
		};
		640D363D292561660059F366 /* Release */ = {
			isa = XCBuildConfiguration;
			buildSettings = {
				CODE_SIGN_STYLE = Automatic;
				DEVELOPMENT_TEAM = CF264WE69M;
				ENABLE_HARDENED_RUNTIME = YES;
				PRODUCT_NAME = "$(TARGET_NAME)";
			};
			name = Release;
		};
/* End XCBuildConfiguration section */

/* Begin XCConfigurationList section */
		640D362F292561660059F366 /* Build configuration list for PBXProject "multi" */ = {
			isa = XCConfigurationList;
			buildConfigurations = (
				640D3639292561660059F366 /* Debug */,
				640D363A292561660059F366 /* Release */,
			);
			defaultConfigurationIsVisible = 0;
			defaultConfigurationName = Release;
		};
		640D363B292561660059F366 /* Build configuration list for PBXNativeTarget "multi" */ = {
			isa = XCConfigurationList;
			buildConfigurations = (
				640D363C292561660059F366 /* Debug */,
				640D363D292561660059F366 /* Release */,
			);
			defaultConfigurationIsVisible = 0;
			defaultConfigurationName = Release;
		};
/* End XCConfigurationList section */
	};
	rootObject = 640D362C292561660059F366 /* Project object */;
}
